// !$*UTF8*$!
{
	archiveVersion = 1;
	classes = {
	};
	objectVersion = 56;
	objects = {

/* Begin PBXBuildFile section */
		C00E05C9293CDCAF001B7B9D /* MovieViewController.swift in Sources */ = {isa = PBXBuildFile; fileRef = C00E05C8293CDCAF001B7B9D /* MovieViewController.swift */; };
		C04783F02937FFB90032A654 /* AppDelegate.swift in Sources */ = {isa = PBXBuildFile; fileRef = C04783EF2937FFB90032A654 /* AppDelegate.swift */; };
		C04783F22937FFB90032A654 /* SceneDelegate.swift in Sources */ = {isa = PBXBuildFile; fileRef = C04783F12937FFB90032A654 /* SceneDelegate.swift */; };
		C04783F42937FFB90032A654 /* ViewController.swift in Sources */ = {isa = PBXBuildFile; fileRef = C04783F32937FFB90032A654 /* ViewController.swift */; };
		C04783F72937FFB90032A654 /* Main.storyboard in Resources */ = {isa = PBXBuildFile; fileRef = C04783F52937FFB90032A654 /* Main.storyboard */; };
		C04783F92937FFC10032A654 /* Assets.xcassets in Resources */ = {isa = PBXBuildFile; fileRef = C04783F82937FFC10032A654 /* Assets.xcassets */; };
		C04783FC2937FFC10032A654 /* LaunchScreen.storyboard in Resources */ = {isa = PBXBuildFile; fileRef = C04783FA2937FFC10032A654 /* LaunchScreen.storyboard */; };
		C04784062938001A0032A654 /* Detail.storyboard in Resources */ = {isa = PBXBuildFile; fileRef = C04784052938001A0032A654 /* Detail.storyboard */; };
		C047840B293800930032A654 /* DetailViewController.swift in Sources */ = {isa = PBXBuildFile; fileRef = C047840A293800930032A654 /* DetailViewController.swift */; };
		C047840E293800CB0032A654 /* ResponseModel.swift in Sources */ = {isa = PBXBuildFile; fileRef = C047840D293800CB0032A654 /* ResponseModel.swift */; };
		C0478410293800E20032A654 /* ResultsModel.swift in Sources */ = {isa = PBXBuildFile; fileRef = C047840F293800E20032A654 /* ResultsModel.swift */; };
		C04784122938077B0032A654 /* MoviesTableViewCell.swift in Sources */ = {isa = PBXBuildFile; fileRef = C04784112938077B0032A654 /* MoviesTableViewCell.swift */; };
		C084A7C329461B190054C6F0 /* Kingfisher in Frameworks */ = {isa = PBXBuildFile; productRef = C084A7C229461B190054C6F0 /* Kingfisher */; };
		C0933918293F79F900E763A2 /* Service.swift in Sources */ = {isa = PBXBuildFile; fileRef = C0933917293F79F900E763A2 /* Service.swift */; };
/* End PBXBuildFile section */

/* Begin PBXFileReference section */
		C00E05C8293CDCAF001B7B9D /* MovieViewController.swift */ = {isa = PBXFileReference; lastKnownFileType = sourcecode.swift; path = MovieViewController.swift; sourceTree = "<group>"; };
		C04783EC2937FFB90032A654 /* MoviesApp.app */ = {isa = PBXFileReference; explicitFileType = wrapper.application; includeInIndex = 0; path = MoviesApp.app; sourceTree = BUILT_PRODUCTS_DIR; };
		C04783EF2937FFB90032A654 /* AppDelegate.swift */ = {isa = PBXFileReference; lastKnownFileType = sourcecode.swift; path = AppDelegate.swift; sourceTree = "<group>"; };
		C04783F12937FFB90032A654 /* SceneDelegate.swift */ = {isa = PBXFileReference; lastKnownFileType = sourcecode.swift; path = SceneDelegate.swift; sourceTree = "<group>"; };
		C04783F32937FFB90032A654 /* ViewController.swift */ = {isa = PBXFileReference; lastKnownFileType = sourcecode.swift; path = ViewController.swift; sourceTree = "<group>"; };
		C04783F62937FFB90032A654 /* Base */ = {isa = PBXFileReference; lastKnownFileType = file.storyboard; name = Base; path = Base.lproj/Main.storyboard; sourceTree = "<group>"; };
		C04783F82937FFC10032A654 /* Assets.xcassets */ = {isa = PBXFileReference; lastKnownFileType = folder.assetcatalog; path = Assets.xcassets; sourceTree = "<group>"; };
		C04783FB2937FFC10032A654 /* Base */ = {isa = PBXFileReference; lastKnownFileType = file.storyboard; name = Base; path = Base.lproj/LaunchScreen.storyboard; sourceTree = "<group>"; };
		C04783FD2937FFC10032A654 /* Info.plist */ = {isa = PBXFileReference; lastKnownFileType = text.plist.xml; path = Info.plist; sourceTree = "<group>"; };
		C04784052938001A0032A654 /* Detail.storyboard */ = {isa = PBXFileReference; lastKnownFileType = file.storyboard; path = Detail.storyboard; sourceTree = "<group>"; };
		C047840A293800930032A654 /* DetailViewController.swift */ = {isa = PBXFileReference; lastKnownFileType = sourcecode.swift; path = DetailViewController.swift; sourceTree = "<group>"; };
		C047840D293800CB0032A654 /* ResponseModel.swift */ = {isa = PBXFileReference; lastKnownFileType = sourcecode.swift; path = ResponseModel.swift; sourceTree = "<group>"; };
		C047840F293800E20032A654 /* ResultsModel.swift */ = {isa = PBXFileReference; lastKnownFileType = sourcecode.swift; path = ResultsModel.swift; sourceTree = "<group>"; };
		C04784112938077B0032A654 /* MoviesTableViewCell.swift */ = {isa = PBXFileReference; lastKnownFileType = sourcecode.swift; path = MoviesTableViewCell.swift; sourceTree = "<group>"; };
		C0933917293F79F900E763A2 /* Service.swift */ = {isa = PBXFileReference; lastKnownFileType = sourcecode.swift; path = Service.swift; sourceTree = "<group>"; };
/* End PBXFileReference section */

/* Begin PBXFrameworksBuildPhase section */
		C04783E92937FFB80032A654 /* Frameworks */ = {
			isa = PBXFrameworksBuildPhase;
			buildActionMask = 2147483647;
			files = (
				C084A7C329461B190054C6F0 /* Kingfisher in Frameworks */,
			);
			runOnlyForDeploymentPostprocessing = 0;
		};
/* End PBXFrameworksBuildPhase section */

/* Begin PBXGroup section */
		C04783E32937FFB80032A654 = {
			isa = PBXGroup;
			children = (
				C04783EE2937FFB90032A654 /* MoviesApp */,
				C04783ED2937FFB90032A654 /* Products */,
			);
			sourceTree = "<group>";
		};
		C04783ED2937FFB90032A654 /* Products */ = {
			isa = PBXGroup;
			children = (
				C04783EC2937FFB90032A654 /* MoviesApp.app */,
			);
			name = Products;
			sourceTree = "<group>";
		};
		C04783EE2937FFB90032A654 /* MoviesApp */ = {
			isa = PBXGroup;
			children = (
				C0933916293F79E900E763A2 /* Service */,
				C0917084293A72210093BC1F /* Features */,
				C04784032937FFE80032A654 /* Movies */,
				C0478404293800020032A654 /* Detail */,
				C047840C293800B50032A654 /* Models */,
				C04783FD2937FFC10032A654 /* Info.plist */,
			);
			path = MoviesApp;
			sourceTree = "<group>";
		};
		C04784032937FFE80032A654 /* Movies */ = {
			isa = PBXGroup;
			children = (
				C04783F52937FFB90032A654 /* Main.storyboard */,
				C04784112938077B0032A654 /* MoviesTableViewCell.swift */,
				C00E05C8293CDCAF001B7B9D /* MovieViewController.swift */,
			);
			path = Movies;
			sourceTree = "<group>";
		};
		C0478404293800020032A654 /* Detail */ = {
			isa = PBXGroup;
			children = (
				C04784052938001A0032A654 /* Detail.storyboard */,
				C047840A293800930032A654 /* DetailViewController.swift */,
			);
			path = Detail;
			sourceTree = "<group>";
		};
		C047840C293800B50032A654 /* Models */ = {
			isa = PBXGroup;
			children = (
				C047840D293800CB0032A654 /* ResponseModel.swift */,
				C047840F293800E20032A654 /* ResultsModel.swift */,
			);
			path = Models;
			sourceTree = "<group>";
		};
		C0917084293A72210093BC1F /* Features */ = {
			isa = PBXGroup;
			children = (
				C04783F32937FFB90032A654 /* ViewController.swift */,
				C04783EF2937FFB90032A654 /* AppDelegate.swift */,
				C04783F12937FFB90032A654 /* SceneDelegate.swift */,
				C04783F82937FFC10032A654 /* Assets.xcassets */,
				C04783FA2937FFC10032A654 /* LaunchScreen.storyboard */,
			);
			path = Features;
			sourceTree = "<group>";
		};
		C0933916293F79E900E763A2 /* Service */ = {
			isa = PBXGroup;
			children = (
				C0933917293F79F900E763A2 /* Service.swift */,
			);
			path = Service;
			sourceTree = "<group>";
		};
/* End PBXGroup section */

/* Begin PBXNativeTarget section */
		C04783EB2937FFB80032A654 /* MoviesApp */ = {
			isa = PBXNativeTarget;
			buildConfigurationList = C04784002937FFC10032A654 /* Build configuration list for PBXNativeTarget "MoviesApp" */;
			buildPhases = (
				C04783E82937FFB80032A654 /* Sources */,
				C04783E92937FFB80032A654 /* Frameworks */,
				C04783EA2937FFB80032A654 /* Resources */,
			);
			buildRules = (
			);
			dependencies = (
			);
			name = MoviesApp;
			packageProductDependencies = (
				C084A7C229461B190054C6F0 /* Kingfisher */,
			);
			productName = MoviesApp;
			productReference = C04783EC2937FFB90032A654 /* MoviesApp.app */;
			productType = "com.apple.product-type.application";
		};
/* End PBXNativeTarget section */

/* Begin PBXProject section */
		C04783E42937FFB80032A654 /* Project object */ = {
			isa = PBXProject;
			attributes = {
				BuildIndependentTargetsInParallel = 1;
				LastSwiftUpdateCheck = 1400;
				LastUpgradeCheck = 1400;
				TargetAttributes = {
					C04783EB2937FFB80032A654 = {
						CreatedOnToolsVersion = 14.0.1;
					};
				};
			};
			buildConfigurationList = C04783E72937FFB80032A654 /* Build configuration list for PBXProject "MoviesApp" */;
			compatibilityVersion = "Xcode 14.0";
			developmentRegion = en;
			hasScannedForEncodings = 0;
			knownRegions = (
				en,
				Base,
			);
			mainGroup = C04783E32937FFB80032A654;
			packageReferences = (
				C084A7C129461B190054C6F0 /* XCRemoteSwiftPackageReference "Kingfisher" */,
			);
			productRefGroup = C04783ED2937FFB90032A654 /* Products */;
			projectDirPath = "";
			projectRoot = "";
			targets = (
				C04783EB2937FFB80032A654 /* MoviesApp */,
			);
		};
/* End PBXProject section */

/* Begin PBXResourcesBuildPhase section */
		C04783EA2937FFB80032A654 /* Resources */ = {
			isa = PBXResourcesBuildPhase;
			buildActionMask = 2147483647;
			files = (
				C04783FC2937FFC10032A654 /* LaunchScreen.storyboard in Resources */,
				C04783F92937FFC10032A654 /* Assets.xcassets in Resources */,
				C04783F72937FFB90032A654 /* Main.storyboard in Resources */,
				C04784062938001A0032A654 /* Detail.storyboard in Resources */,
			);
			runOnlyForDeploymentPostprocessing = 0;
		};
/* End PBXResourcesBuildPhase section */

/* Begin PBXSourcesBuildPhase section */
		C04783E82937FFB80032A654 /* Sources */ = {
			isa = PBXSourcesBuildPhase;
			buildActionMask = 2147483647;
			files = (
				C0478410293800E20032A654 /* ResultsModel.swift in Sources */,
				C04783F42937FFB90032A654 /* ViewController.swift in Sources */,
				C04783F02937FFB90032A654 /* AppDelegate.swift in Sources */,
				C04783F22937FFB90032A654 /* SceneDelegate.swift in Sources */,
				C00E05C9293CDCAF001B7B9D /* MovieViewController.swift in Sources */,
				C0933918293F79F900E763A2 /* Service.swift in Sources */,
				C047840E293800CB0032A654 /* ResponseModel.swift in Sources */,
				C04784122938077B0032A654 /* MoviesTableViewCell.swift in Sources */,
				C047840B293800930032A654 /* DetailViewController.swift in Sources */,
			);
			runOnlyForDeploymentPostprocessing = 0;
		};
/* End PBXSourcesBuildPhase section */

/* Begin PBXVariantGroup section */
		C04783F52937FFB90032A654 /* Main.storyboard */ = {
			isa = PBXVariantGroup;
			children = (
				C04783F62937FFB90032A654 /* Base */,
			);
			name = Main.storyboard;
			sourceTree = "<group>";
		};
		C04783FA2937FFC10032A654 /* LaunchScreen.storyboard */ = {
			isa = PBXVariantGroup;
			children = (
				C04783FB2937FFC10032A654 /* Base */,
			);
			name = LaunchScreen.storyboard;
			sourceTree = "<group>";
		};
/* End PBXVariantGroup section */

/* Begin XCBuildConfiguration section */
		C04783FE2937FFC10032A654 /* Debug */ = {
			isa = XCBuildConfiguration;
			buildSettings = {
				ALWAYS_SEARCH_USER_PATHS = NO;
				CLANG_ANALYZER_NONNULL = YES;
				CLANG_ANALYZER_NUMBER_OBJECT_CONVERSION = YES_AGGRESSIVE;
				CLANG_CXX_LANGUAGE_STANDARD = "gnu++20";
				CLANG_ENABLE_MODULES = YES;
				CLANG_ENABLE_OBJC_ARC = YES;
				CLANG_ENABLE_OBJC_WEAK = YES;
				CLANG_WARN_BLOCK_CAPTURE_AUTORELEASING = YES;
				CLANG_WARN_BOOL_CONVERSION = YES;
				CLANG_WARN_COMMA = YES;
				CLANG_WARN_CONSTANT_CONVERSION = YES;
				CLANG_WARN_DEPRECATED_OBJC_IMPLEMENTATIONS = YES;
				CLANG_WARN_DIRECT_OBJC_ISA_USAGE = YES_ERROR;
				CLANG_WARN_DOCUMENTATION_COMMENTS = YES;
				CLANG_WARN_EMPTY_BODY = YES;
				CLANG_WARN_ENUM_CONVERSION = YES;
				CLANG_WARN_INFINITE_RECURSION = YES;
				CLANG_WARN_INT_CONVERSION = YES;
				CLANG_WARN_NON_LITERAL_NULL_CONVERSION = YES;
				CLANG_WARN_OBJC_IMPLICIT_RETAIN_SELF = YES;
				CLANG_WARN_OBJC_LITERAL_CONVERSION = YES;
				CLANG_WARN_OBJC_ROOT_CLASS = YES_ERROR;
				CLANG_WARN_QUOTED_INCLUDE_IN_FRAMEWORK_HEADER = YES;
				CLANG_WARN_RANGE_LOOP_ANALYSIS = YES;
				CLANG_WARN_STRICT_PROTOTYPES = YES;
				CLANG_WARN_SUSPICIOUS_MOVE = YES;
				CLANG_WARN_UNGUARDED_AVAILABILITY = YES_AGGRESSIVE;
				CLANG_WARN_UNREACHABLE_CODE = YES;
				CLANG_WARN__DUPLICATE_METHOD_MATCH = YES;
				COPY_PHASE_STRIP = NO;
				DEBUG_INFORMATION_FORMAT = dwarf;
				ENABLE_STRICT_OBJC_MSGSEND = YES;
				ENABLE_TESTABILITY = YES;
				GCC_C_LANGUAGE_STANDARD = gnu11;
				GCC_DYNAMIC_NO_PIC = NO;
				GCC_NO_COMMON_BLOCKS = YES;
				GCC_OPTIMIZATION_LEVEL = 0;
				GCC_PREPROCESSOR_DEFINITIONS = (
					"DEBUG=1",
					"$(inherited)",
				);
				GCC_WARN_64_TO_32_BIT_CONVERSION = YES;
				GCC_WARN_ABOUT_RETURN_TYPE = YES_ERROR;
				GCC_WARN_UNDECLARED_SELECTOR = YES;
				GCC_WARN_UNINITIALIZED_AUTOS = YES_AGGRESSIVE;
				GCC_WARN_UNUSED_FUNCTION = YES;
				GCC_WARN_UNUSED_VARIABLE = YES;
				IPHONEOS_DEPLOYMENT_TARGET = 16.0;
				MTL_ENABLE_DEBUG_INFO = INCLUDE_SOURCE;
				MTL_FAST_MATH = YES;
				ONLY_ACTIVE_ARCH = YES;
				SDKROOT = iphoneos;
				SWIFT_ACTIVE_COMPILATION_CONDITIONS = DEBUG;
				SWIFT_OPTIMIZATION_LEVEL = "-Onone";
			};
			name = Debug;
		};
		C04783FF2937FFC10032A654 /* Release */ = {
			isa = XCBuildConfiguration;
			buildSettings = {
				ALWAYS_SEARCH_USER_PATHS = NO;
				CLANG_ANALYZER_NONNULL = YES;
				CLANG_ANALYZER_NUMBER_OBJECT_CONVERSION = YES_AGGRESSIVE;
				CLANG_CXX_LANGUAGE_STANDARD = "gnu++20";
				CLANG_ENABLE_MODULES = YES;
				CLANG_ENABLE_OBJC_ARC = YES;
				CLANG_ENABLE_OBJC_WEAK = YES;
				CLANG_WARN_BLOCK_CAPTURE_AUTORELEASING = YES;
				CLANG_WARN_BOOL_CONVERSION = YES;
				CLANG_WARN_COMMA = YES;
				CLANG_WARN_CONSTANT_CONVERSION = YES;
				CLANG_WARN_DEPRECATED_OBJC_IMPLEMENTATIONS = YES;
				CLANG_WARN_DIRECT_OBJC_ISA_USAGE = YES_ERROR;
				CLANG_WARN_DOCUMENTATION_COMMENTS = YES;
				CLANG_WARN_EMPTY_BODY = YES;
				CLANG_WARN_ENUM_CONVERSION = YES;
				CLANG_WARN_INFINITE_RECURSION = YES;
				CLANG_WARN_INT_CONVERSION = YES;
				CLANG_WARN_NON_LITERAL_NULL_CONVERSION = YES;
				CLANG_WARN_OBJC_IMPLICIT_RETAIN_SELF = YES;
				CLANG_WARN_OBJC_LITERAL_CONVERSION = YES;
				CLANG_WARN_OBJC_ROOT_CLASS = YES_ERROR;
				CLANG_WARN_QUOTED_INCLUDE_IN_FRAMEWORK_HEADER = YES;
				CLANG_WARN_RANGE_LOOP_ANALYSIS = YES;
				CLANG_WARN_STRICT_PROTOTYPES = YES;
				CLANG_WARN_SUSPICIOUS_MOVE = YES;
				CLANG_WARN_UNGUARDED_AVAILABILITY = YES_AGGRESSIVE;
				CLANG_WARN_UNREACHABLE_CODE = YES;
				CLANG_WARN__DUPLICATE_METHOD_MATCH = YES;
				COPY_PHASE_STRIP = NO;
				DEBUG_INFORMATION_FORMAT = "dwarf-with-dsym";
				ENABLE_NS_ASSERTIONS = NO;
				ENABLE_STRICT_OBJC_MSGSEND = YES;
				GCC_C_LANGUAGE_STANDARD = gnu11;
				GCC_NO_COMMON_BLOCKS = YES;
				GCC_WARN_64_TO_32_BIT_CONVERSION = YES;
				GCC_WARN_ABOUT_RETURN_TYPE = YES_ERROR;
				GCC_WARN_UNDECLARED_SELECTOR = YES;
				GCC_WARN_UNINITIALIZED_AUTOS = YES_AGGRESSIVE;
				GCC_WARN_UNUSED_FUNCTION = YES;
				GCC_WARN_UNUSED_VARIABLE = YES;
				IPHONEOS_DEPLOYMENT_TARGET = 16.0;
				MTL_ENABLE_DEBUG_INFO = NO;
				MTL_FAST_MATH = YES;
				SDKROOT = iphoneos;
				SWIFT_COMPILATION_MODE = wholemodule;
				SWIFT_OPTIMIZATION_LEVEL = "-O";
				VALIDATE_PRODUCT = YES;
			};
			name = Release;
		};
		C04784012937FFC10032A654 /* Debug */ = {
			isa = XCBuildConfiguration;
			buildSettings = {
				ASSETCATALOG_COMPILER_APPICON_NAME = AppIcon;
				ASSETCATALOG_COMPILER_GLOBAL_ACCENT_COLOR_NAME = AccentColor;
				CODE_SIGN_STYLE = Automatic;
				CURRENT_PROJECT_VERSION = 1;
				GENERATE_INFOPLIST_FILE = YES;
				INFOPLIST_FILE = MoviesApp/Info.plist;
				INFOPLIST_KEY_UIApplicationSupportsIndirectInputEvents = YES;
				INFOPLIST_KEY_UILaunchStoryboardName = LaunchScreen;
				INFOPLIST_KEY_UIMainStoryboardFile = Main;
				INFOPLIST_KEY_UISupportedInterfaceOrientations_iPad = "UIInterfaceOrientationPortrait UIInterfaceOrientationPortraitUpsideDown UIInterfaceOrientationLandscapeLeft UIInterfaceOrientationLandscapeRight";
				INFOPLIST_KEY_UISupportedInterfaceOrientations_iPhone = "UIInterfaceOrientationPortrait UIInterfaceOrientationLandscapeLeft UIInterfaceOrientationLandscapeRight";
				LD_RUNPATH_SEARCH_PATHS = (
					"$(inherited)",
					"@executable_path/Frameworks",
				);
				MARKETING_VERSION = 1.0;
				PRODUCT_BUNDLE_IDENTIFIER = info.MoviesApp;
				PRODUCT_NAME = "$(TARGET_NAME)";
				SWIFT_EMIT_LOC_STRINGS = YES;
				SWIFT_VERSION = 5.0;
				TARGETED_DEVICE_FAMILY = "1,2";
			};
			name = Debug;
		};
		C04784022937FFC10032A654 /* Release */ = {
			isa = XCBuildConfiguration;
			buildSettings = {
				ASSETCATALOG_COMPILER_APPICON_NAME = AppIcon;
				ASSETCATALOG_COMPILER_GLOBAL_ACCENT_COLOR_NAME = AccentColor;
				CODE_SIGN_STYLE = Automatic;
				CURRENT_PROJECT_VERSION = 1;
				GENERATE_INFOPLIST_FILE = YES;
				INFOPLIST_FILE = MoviesApp/Info.plist;
				INFOPLIST_KEY_UIApplicationSupportsIndirectInputEvents = YES;
				INFOPLIST_KEY_UILaunchStoryboardName = LaunchScreen;
				INFOPLIST_KEY_UIMainStoryboardFile = Main;
				INFOPLIST_KEY_UISupportedInterfaceOrientations_iPad = "UIInterfaceOrientationPortrait UIInterfaceOrientationPortraitUpsideDown UIInterfaceOrientationLandscapeLeft UIInterfaceOrientationLandscapeRight";
				INFOPLIST_KEY_UISupportedInterfaceOrientations_iPhone = "UIInterfaceOrientationPortrait UIInterfaceOrientationLandscapeLeft UIInterfaceOrientationLandscapeRight";
				LD_RUNPATH_SEARCH_PATHS = (
					"$(inherited)",
					"@executable_path/Frameworks",
				);
				MARKETING_VERSION = 1.0;
				PRODUCT_BUNDLE_IDENTIFIER = info.MoviesApp;
				PRODUCT_NAME = "$(TARGET_NAME)";
				SWIFT_EMIT_LOC_STRINGS = YES;
				SWIFT_VERSION = 5.0;
				TARGETED_DEVICE_FAMILY = "1,2";
			};
			name = Release;
		};
/* End XCBuildConfiguration section */

/* Begin XCConfigurationList section */
		C04783E72937FFB80032A654 /* Build configuration list for PBXProject "MoviesApp" */ = {
			isa = XCConfigurationList;
			buildConfigurations = (
				C04783FE2937FFC10032A654 /* Debug */,
				C04783FF2937FFC10032A654 /* Release */,
			);
			defaultConfigurationIsVisible = 0;
			defaultConfigurationName = Release;
		};
		C04784002937FFC10032A654 /* Build configuration list for PBXNativeTarget "MoviesApp" */ = {
			isa = XCConfigurationList;
			buildConfigurations = (
				C04784012937FFC10032A654 /* Debug */,
				C04784022937FFC10032A654 /* Release */,
			);
			defaultConfigurationIsVisible = 0;
			defaultConfigurationName = Release;
		};
/* End XCConfigurationList section */

/* Begin XCRemoteSwiftPackageReference section */
		C084A7C129461B190054C6F0 /* XCRemoteSwiftPackageReference "Kingfisher" */ = {
			isa = XCRemoteSwiftPackageReference;
			repositoryURL = "https://github.com/onevcat/Kingfisher";
			requirement = {
				kind = upToNextMajorVersion;
				minimumVersion = 7.0.0;
			};
		};
/* End XCRemoteSwiftPackageReference section */

/* Begin XCSwiftPackageProductDependency section */
		C084A7C229461B190054C6F0 /* Kingfisher */ = {
			isa = XCSwiftPackageProductDependency;
			package = C084A7C129461B190054C6F0 /* XCRemoteSwiftPackageReference "Kingfisher" */;
			productName = Kingfisher;
		};
/* End XCSwiftPackageProductDependency section */
	};
	rootObject = C04783E42937FFB80032A654 /* Project object */;
}
